// !$*UTF8*$!
{
	archiveVersion = 1;
	classes = {
	};
	objectVersion = 51;
	objects = {

/* Begin PBXBuildFile section */
		0F3F8F58263289DE00BE26C2 /* LoginViewController.swift in Sources */ = {isa = PBXBuildFile; fileRef = 0F3F8F57263289DE00BE26C2 /* LoginViewController.swift */; };
		312F51EF2395BB5CE13FB16A /* Pods_GoodHearted.framework in Frameworks */ = {isa = PBXBuildFile; fileRef = 92CEE32E32F457F96A5DF936 /* Pods_GoodHearted.framework */; };
		351E23A526324387006252DF /* MapKit.framework in Frameworks */ = {isa = PBXBuildFile; fileRef = 351E23A426324387006252DF /* MapKit.framework */; };
		351E23A8263248D2006252DF /* HomeViewController.swift in Sources */ = {isa = PBXBuildFile; fileRef = 351E23A7263248D2006252DF /* HomeViewController.swift */; };
		351E23AB26324994006252DF /* ProfileViewController.swift in Sources */ = {isa = PBXBuildFile; fileRef = 351E23AA26324994006252DF /* ProfileViewController.swift */; };
		3526865126715BAD00521704 /* NotificationViewController.swift in Sources */ = {isa = PBXBuildFile; fileRef = 3526865026715BAD00521704 /* NotificationViewController.swift */; };
		35268653267162C400521704 /* NotificationCell.swift in Sources */ = {isa = PBXBuildFile; fileRef = 35268652267162C400521704 /* NotificationCell.swift */; };
		359C84472639005900646519 /* EmergencyContactCell.swift in Sources */ = {isa = PBXBuildFile; fileRef = 359C84462639005900646519 /* EmergencyContactCell.swift */; };
		359C844A26391DE400646519 /* EditProfileViewController.swift in Sources */ = {isa = PBXBuildFile; fileRef = 359C844926391DE400646519 /* EditProfileViewController.swift */; };
		476E2CF226322EB700D085A5 /* signUpViewController.swift in Sources */ = {isa = PBXBuildFile; fileRef = 476E2CF126322EB700D085A5 /* signUpViewController.swift */; };
		4783918A2670965600857BCC /* FirstAidViewController.swift in Sources */ = {isa = PBXBuildFile; fileRef = 478391892670965600857BCC /* FirstAidViewController.swift */; };
		47D0A7912647B6590075AA27 /* SettingsViewController.swift in Sources */ = {isa = PBXBuildFile; fileRef = 47D0A7902647B6590075AA27 /* SettingsViewController.swift */; };
		47D0A79A2647CCEE0075AA27 /* PrivacyViewController.swift in Sources */ = {isa = PBXBuildFile; fileRef = 47D0A7992647CCEE0075AA27 /* PrivacyViewController.swift */; };
		F627DDD3262EA3690055B23D /* AppDelegate.swift in Sources */ = {isa = PBXBuildFile; fileRef = F627DDD2262EA3690055B23D /* AppDelegate.swift */; };
		F627DDD5262EA3690055B23D /* SceneDelegate.swift in Sources */ = {isa = PBXBuildFile; fileRef = F627DDD4262EA3690055B23D /* SceneDelegate.swift */; };
		F627DDD7262EA3690055B23D /* ViewController.swift in Sources */ = {isa = PBXBuildFile; fileRef = F627DDD6262EA3690055B23D /* ViewController.swift */; };
		F627DDDA262EA3690055B23D /* Main.storyboard in Resources */ = {isa = PBXBuildFile; fileRef = F627DDD8262EA3690055B23D /* Main.storyboard */; };
		F627DDDC262EA36C0055B23D /* Assets.xcassets in Resources */ = {isa = PBXBuildFile; fileRef = F627DDDB262EA36C0055B23D /* Assets.xcassets */; };
		F627DDDF262EA36C0055B23D /* LaunchScreen.storyboard in Resources */ = {isa = PBXBuildFile; fileRef = F627DDDD262EA36C0055B23D /* LaunchScreen.storyboard */; };
		F627DDF3262F56050055B23D /* AddEmergencyViewController.swift in Sources */ = {isa = PBXBuildFile; fileRef = F627DDF2262F56050055B23D /* AddEmergencyViewController.swift */; };
		F627DDFB26393C090055B23D /* EditEmergencyTableViewController.swift in Sources */ = {isa = PBXBuildFile; fileRef = F627DDFA26393C090055B23D /* EditEmergencyTableViewController.swift */; };
		F627DDFE26393C910055B23D /* EditEmergencyContactCell.swift in Sources */ = {isa = PBXBuildFile; fileRef = F627DDFD26393C910055B23D /* EditEmergencyContactCell.swift */; };
		F627DE05263E63380055B23D /* AddSettingsViewController.swift in Sources */ = {isa = PBXBuildFile; fileRef = F627DE04263E63360055B23D /* AddSettingsViewController.swift */; };
		F6A1E8A42660B163005299C2 /* iphone_alarm.mp3 in Resources */ = {isa = PBXBuildFile; fileRef = F6A1E8A32660B163005299C2 /* iphone_alarm.mp3 */; };
		F6BF08B22651DD52002491FD /* EditContactViewController.swift in Sources */ = {isa = PBXBuildFile; fileRef = F6BF08B12651DD51002491FD /* EditContactViewController.swift */; };
		F6DE019226731C6800370DDF /* Localizable.strings in Resources */ = {isa = PBXBuildFile; fileRef = F6DE019426731C6800370DDF /* Localizable.strings */; };
/* End PBXBuildFile section */

/* Begin PBXFileReference section */
		0F3F8F57263289DE00BE26C2 /* LoginViewController.swift */ = {isa = PBXFileReference; lastKnownFileType = sourcecode.swift; path = LoginViewController.swift; sourceTree = "<group>"; };
		351E23A426324387006252DF /* MapKit.framework */ = {isa = PBXFileReference; lastKnownFileType = wrapper.framework; name = MapKit.framework; path = System/Library/Frameworks/MapKit.framework; sourceTree = SDKROOT; };
		351E23A7263248D2006252DF /* HomeViewController.swift */ = {isa = PBXFileReference; lastKnownFileType = sourcecode.swift; path = HomeViewController.swift; sourceTree = "<group>"; };
		351E23AA26324994006252DF /* ProfileViewController.swift */ = {isa = PBXFileReference; lastKnownFileType = sourcecode.swift; path = ProfileViewController.swift; sourceTree = "<group>"; };
		3526865026715BAD00521704 /* NotificationViewController.swift */ = {isa = PBXFileReference; lastKnownFileType = sourcecode.swift; path = NotificationViewController.swift; sourceTree = "<group>"; };
		35268652267162C400521704 /* NotificationCell.swift */ = {isa = PBXFileReference; lastKnownFileType = sourcecode.swift; path = NotificationCell.swift; sourceTree = "<group>"; };
		359C84462639005900646519 /* EmergencyContactCell.swift */ = {isa = PBXFileReference; lastKnownFileType = sourcecode.swift; path = EmergencyContactCell.swift; sourceTree = "<group>"; };
		359C844926391DE400646519 /* EditProfileViewController.swift */ = {isa = PBXFileReference; lastKnownFileType = sourcecode.swift; path = EditProfileViewController.swift; sourceTree = "<group>"; };
		476E2CF126322EB700D085A5 /* signUpViewController.swift */ = {isa = PBXFileReference; lastKnownFileType = sourcecode.swift; path = signUpViewController.swift; sourceTree = "<group>"; };
		478391892670965600857BCC /* FirstAidViewController.swift */ = {isa = PBXFileReference; lastKnownFileType = sourcecode.swift; path = FirstAidViewController.swift; sourceTree = "<group>"; };
		47D0A7902647B6590075AA27 /* SettingsViewController.swift */ = {isa = PBXFileReference; lastKnownFileType = sourcecode.swift; path = SettingsViewController.swift; sourceTree = "<group>"; };
		47D0A7992647CCEE0075AA27 /* PrivacyViewController.swift */ = {isa = PBXFileReference; lastKnownFileType = sourcecode.swift; path = PrivacyViewController.swift; sourceTree = "<group>"; };
		57C51A35661D00FC4A878561 /* Pods-GoodHearted.release.xcconfig */ = {isa = PBXFileReference; includeInIndex = 1; lastKnownFileType = text.xcconfig; name = "Pods-GoodHearted.release.xcconfig"; path = "Target Support Files/Pods-GoodHearted/Pods-GoodHearted.release.xcconfig"; sourceTree = "<group>"; };
		92CEE32E32F457F96A5DF936 /* Pods_GoodHearted.framework */ = {isa = PBXFileReference; explicitFileType = wrapper.framework; includeInIndex = 0; path = Pods_GoodHearted.framework; sourceTree = BUILT_PRODUCTS_DIR; };
		E5BA09384EAB4B807721AA56 /* Pods-GoodHearted.debug.xcconfig */ = {isa = PBXFileReference; includeInIndex = 1; lastKnownFileType = text.xcconfig; name = "Pods-GoodHearted.debug.xcconfig"; path = "Target Support Files/Pods-GoodHearted/Pods-GoodHearted.debug.xcconfig"; sourceTree = "<group>"; };
		F627DDCF262EA3690055B23D /* GoodHearted.app */ = {isa = PBXFileReference; explicitFileType = wrapper.application; includeInIndex = 0; path = GoodHearted.app; sourceTree = BUILT_PRODUCTS_DIR; };
		F627DDD2262EA3690055B23D /* AppDelegate.swift */ = {isa = PBXFileReference; lastKnownFileType = sourcecode.swift; path = AppDelegate.swift; sourceTree = "<group>"; };
		F627DDD4262EA3690055B23D /* SceneDelegate.swift */ = {isa = PBXFileReference; lastKnownFileType = sourcecode.swift; path = SceneDelegate.swift; sourceTree = "<group>"; };
		F627DDD6262EA3690055B23D /* ViewController.swift */ = {isa = PBXFileReference; lastKnownFileType = sourcecode.swift; path = ViewController.swift; sourceTree = "<group>"; };
		F627DDD9262EA3690055B23D /* Base */ = {isa = PBXFileReference; lastKnownFileType = file.storyboard; name = Base; path = Base.lproj/Main.storyboard; sourceTree = "<group>"; };
		F627DDDB262EA36C0055B23D /* Assets.xcassets */ = {isa = PBXFileReference; lastKnownFileType = folder.assetcatalog; path = Assets.xcassets; sourceTree = "<group>"; };
		F627DDDE262EA36C0055B23D /* Base */ = {isa = PBXFileReference; lastKnownFileType = file.storyboard; name = Base; path = Base.lproj/LaunchScreen.storyboard; sourceTree = "<group>"; };
		F627DDE0262EA36C0055B23D /* Info.plist */ = {isa = PBXFileReference; lastKnownFileType = text.plist.xml; path = Info.plist; sourceTree = "<group>"; };
		F627DDF2262F56050055B23D /* AddEmergencyViewController.swift */ = {isa = PBXFileReference; lastKnownFileType = sourcecode.swift; path = AddEmergencyViewController.swift; sourceTree = "<group>"; };
		F627DDFA26393C090055B23D /* EditEmergencyTableViewController.swift */ = {isa = PBXFileReference; lastKnownFileType = sourcecode.swift; path = EditEmergencyTableViewController.swift; sourceTree = "<group>"; };
		F627DDFD26393C910055B23D /* EditEmergencyContactCell.swift */ = {isa = PBXFileReference; lastKnownFileType = sourcecode.swift; path = EditEmergencyContactCell.swift; sourceTree = "<group>"; };
		F627DE04263E63360055B23D /* AddSettingsViewController.swift */ = {isa = PBXFileReference; lastKnownFileType = sourcecode.swift; path = AddSettingsViewController.swift; sourceTree = "<group>"; };
		F6A1E8A32660B163005299C2 /* iphone_alarm.mp3 */ = {isa = PBXFileReference; lastKnownFileType = audio.mp3; path = iphone_alarm.mp3; sourceTree = "<group>"; };
		F6BF08B12651DD51002491FD /* EditContactViewController.swift */ = {isa = PBXFileReference; lastKnownFileType = sourcecode.swift; path = EditContactViewController.swift; sourceTree = "<group>"; };
		F6DE018D26731BDF00370DDF /* vi */ = {isa = PBXFileReference; lastKnownFileType = text.plist.strings; name = vi; path = vi.lproj/Main.strings; sourceTree = "<group>"; };
		F6DE019326731C6800370DDF /* en */ = {isa = PBXFileReference; lastKnownFileType = text.plist.strings; name = en; path = en.lproj/Localizable.strings; sourceTree = "<group>"; };
		F6DE019526731C7800370DDF /* vi */ = {isa = PBXFileReference; lastKnownFileType = text.plist.strings; name = vi; path = vi.lproj/Localizable.strings; sourceTree = "<group>"; };
/* End PBXFileReference section */

/* Begin PBXFrameworksBuildPhase section */
		F627DDCC262EA3690055B23D /* Frameworks */ = {
			isa = PBXFrameworksBuildPhase;
			buildActionMask = 2147483647;
			files = (
				351E23A526324387006252DF /* MapKit.framework in Frameworks */,
				312F51EF2395BB5CE13FB16A /* Pods_GoodHearted.framework in Frameworks */,
			);
			runOnlyForDeploymentPostprocessing = 0;
		};
/* End PBXFrameworksBuildPhase section */

/* Begin PBXGroup section */
		C20B68F0819B90F5B62EC7BD /* Pods */ = {
			isa = PBXGroup;
			children = (
				E5BA09384EAB4B807721AA56 /* Pods-GoodHearted.debug.xcconfig */,
				57C51A35661D00FC4A878561 /* Pods-GoodHearted.release.xcconfig */,
			);
			path = Pods;
			sourceTree = "<group>";
		};
		E85E126D9020F82B872569FA /* Frameworks */ = {
			isa = PBXGroup;
			children = (
				351E23A426324387006252DF /* MapKit.framework */,
				92CEE32E32F457F96A5DF936 /* Pods_GoodHearted.framework */,
			);
			name = Frameworks;
			sourceTree = "<group>";
		};
		F627DDC6262EA3690055B23D = {
			isa = PBXGroup;
			children = (
				F627DDD1262EA3690055B23D /* GoodHearted */,
				F627DDD0262EA3690055B23D /* Products */,
				C20B68F0819B90F5B62EC7BD /* Pods */,
				E85E126D9020F82B872569FA /* Frameworks */,
			);
			sourceTree = "<group>";
			usesTabs = 0;
		};
		F627DDD0262EA3690055B23D /* Products */ = {
			isa = PBXGroup;
			children = (
				F627DDCF262EA3690055B23D /* GoodHearted.app */,
			);
			name = Products;
			sourceTree = "<group>";
		};
		F627DDD1262EA3690055B23D /* GoodHearted */ = {
			isa = PBXGroup;
			children = (
				F6A1E8A32660B163005299C2 /* iphone_alarm.mp3 */,
				F627DDD2262EA3690055B23D /* AppDelegate.swift */,
				F627DDD4262EA3690055B23D /* SceneDelegate.swift */,
				F627DDD6262EA3690055B23D /* ViewController.swift */,
				F627DDD8262EA3690055B23D /* Main.storyboard */,
				F627DDDB262EA36C0055B23D /* Assets.xcassets */,
				F627DDDD262EA36C0055B23D /* LaunchScreen.storyboard */,
				F627DDE0262EA36C0055B23D /* Info.plist */,
				F627DDF2262F56050055B23D /* AddEmergencyViewController.swift */,
				351E23A7263248D2006252DF /* HomeViewController.swift */,
				351E23AA26324994006252DF /* ProfileViewController.swift */,
				476E2CF126322EB700D085A5 /* signUpViewController.swift */,
				F627DDFA26393C090055B23D /* EditEmergencyTableViewController.swift */,
				F627DDFD26393C910055B23D /* EditEmergencyContactCell.swift */,
				F627DE04263E63360055B23D /* AddSettingsViewController.swift */,
				0F3F8F57263289DE00BE26C2 /* LoginViewController.swift */,
				359C84462639005900646519 /* EmergencyContactCell.swift */,
				359C844926391DE400646519 /* EditProfileViewController.swift */,
				47D0A7902647B6590075AA27 /* SettingsViewController.swift */,
				47D0A7992647CCEE0075AA27 /* PrivacyViewController.swift */,
				F6BF08B12651DD51002491FD /* EditContactViewController.swift */,
				478391892670965600857BCC /* FirstAidViewController.swift */,
				3526865026715BAD00521704 /* NotificationViewController.swift */,
				35268652267162C400521704 /* NotificationCell.swift */,
				F6DE019426731C6800370DDF /* Localizable.strings */,
			);
			path = GoodHearted;
			sourceTree = "<group>";
		};
/* End PBXGroup section */

/* Begin PBXNativeTarget section */
		F627DDCE262EA3690055B23D /* GoodHearted */ = {
			isa = PBXNativeTarget;
			buildConfigurationList = F627DDE3262EA36C0055B23D /* Build configuration list for PBXNativeTarget "GoodHearted" */;
			buildPhases = (
				0F96433D4E3480F07A6121E3 /* [CP] Check Pods Manifest.lock */,
				F627DDCB262EA3690055B23D /* Sources */,
				F627DDCC262EA3690055B23D /* Frameworks */,
				F627DDCD262EA3690055B23D /* Resources */,
				3DEFB4EE2797260189439C0C /* [CP] Embed Pods Frameworks */,
			);
			buildRules = (
			);
			dependencies = (
			);
			name = GoodHearted;
			productName = GoodHearted;
			productReference = F627DDCF262EA3690055B23D /* GoodHearted.app */;
			productType = "com.apple.product-type.application";
		};
/* End PBXNativeTarget section */

/* Begin PBXProject section */
		F627DDC7262EA3690055B23D /* Project object */ = {
			isa = PBXProject;
			attributes = {
				LastSwiftUpdateCheck = 1230;
				LastUpgradeCheck = 1230;
				TargetAttributes = {
					F627DDCE262EA3690055B23D = {
						CreatedOnToolsVersion = 12.3;
					};
				};
			};
			buildConfigurationList = F627DDCA262EA3690055B23D /* Build configuration list for PBXProject "GoodHearted" */;
			compatibilityVersion = "Xcode 9.3";
			developmentRegion = en;
			hasScannedForEncodings = 0;
			knownRegions = (
				en,
				Base,
				vi,
			);
			mainGroup = F627DDC6262EA3690055B23D;
			productRefGroup = F627DDD0262EA3690055B23D /* Products */;
			projectDirPath = "";
			projectRoot = "";
			targets = (
				F627DDCE262EA3690055B23D /* GoodHearted */,
			);
		};
/* End PBXProject section */

/* Begin PBXResourcesBuildPhase section */
		F627DDCD262EA3690055B23D /* Resources */ = {
			isa = PBXResourcesBuildPhase;
			buildActionMask = 2147483647;
			files = (
				F6DE019226731C6800370DDF /* Localizable.strings in Resources */,
				F627DDDF262EA36C0055B23D /* LaunchScreen.storyboard in Resources */,
				F6A1E8A42660B163005299C2 /* iphone_alarm.mp3 in Resources */,
				F627DDDC262EA36C0055B23D /* Assets.xcassets in Resources */,
				F627DDDA262EA3690055B23D /* Main.storyboard in Resources */,
			);
			runOnlyForDeploymentPostprocessing = 0;
		};
/* End PBXResourcesBuildPhase section */

/* Begin PBXShellScriptBuildPhase section */
		0F96433D4E3480F07A6121E3 /* [CP] Check Pods Manifest.lock */ = {
			isa = PBXShellScriptBuildPhase;
			buildActionMask = 2147483647;
			files = (
			);
			inputFileListPaths = (
			);
			inputPaths = (
				"${PODS_PODFILE_DIR_PATH}/Podfile.lock",
				"${PODS_ROOT}/Manifest.lock",
			);
			name = "[CP] Check Pods Manifest.lock";
			outputFileListPaths = (
			);
			outputPaths = (
				"$(DERIVED_FILE_DIR)/Pods-GoodHearted-checkManifestLockResult.txt",
			);
			runOnlyForDeploymentPostprocessing = 0;
			shellPath = /bin/sh;
			shellScript = "diff \"${PODS_PODFILE_DIR_PATH}/Podfile.lock\" \"${PODS_ROOT}/Manifest.lock\" > /dev/null\nif [ $? != 0 ] ; then\n    # print error to STDERR\n    echo \"error: The sandbox is not in sync with the Podfile.lock. Run 'pod install' or update your CocoaPods installation.\" >&2\n    exit 1\nfi\n# This output is used by Xcode 'outputs' to avoid re-running this script phase.\necho \"SUCCESS\" > \"${SCRIPT_OUTPUT_FILE_0}\"\n";
			showEnvVarsInLog = 0;
		};
		3DEFB4EE2797260189439C0C /* [CP] Embed Pods Frameworks */ = {
			isa = PBXShellScriptBuildPhase;
			buildActionMask = 2147483647;
			files = (
			);
			inputFileListPaths = (
				"${PODS_ROOT}/Target Support Files/Pods-GoodHearted/Pods-GoodHearted-frameworks-${CONFIGURATION}-input-files.xcfilelist",
			);
			name = "[CP] Embed Pods Frameworks";
			outputFileListPaths = (
				"${PODS_ROOT}/Target Support Files/Pods-GoodHearted/Pods-GoodHearted-frameworks-${CONFIGURATION}-output-files.xcfilelist",
			);
			runOnlyForDeploymentPostprocessing = 0;
			shellPath = /bin/sh;
			shellScript = "\"${PODS_ROOT}/Target Support Files/Pods-GoodHearted/Pods-GoodHearted-frameworks.sh\"\n";
			showEnvVarsInLog = 0;
		};
/* End PBXShellScriptBuildPhase section */

/* Begin PBXSourcesBuildPhase section */
		F627DDCB262EA3690055B23D /* Sources */ = {
			isa = PBXSourcesBuildPhase;
			buildActionMask = 2147483647;
			files = (
				351E23AB26324994006252DF /* ProfileViewController.swift in Sources */,
				351E23A8263248D2006252DF /* HomeViewController.swift in Sources */,
				476E2CF226322EB700D085A5 /* signUpViewController.swift in Sources */,
				F627DE05263E63380055B23D /* AddSettingsViewController.swift in Sources */,
				4783918A2670965600857BCC /* FirstAidViewController.swift in Sources */,
				359C84472639005900646519 /* EmergencyContactCell.swift in Sources */,
				47D0A79A2647CCEE0075AA27 /* PrivacyViewController.swift in Sources */,
				351E23AB26324994006252DF /* ProfileViewController.swift in Sources */,
				351E23A8263248D2006252DF /* HomeViewController.swift in Sources */,
				476E2CF226322EB700D085A5 /* signUpViewController.swift in Sources */,
				F627DDF3262F56050055B23D /* AddEmergencyViewController.swift in Sources */,
				3526865126715BAD00521704 /* NotificationViewController.swift in Sources */,
				0F3F8F58263289DE00BE26C2 /* LoginViewController.swift in Sources */,
				F6BF08B22651DD52002491FD /* EditContactViewController.swift in Sources */,
				35268653267162C400521704 /* NotificationCell.swift in Sources */,
				F627DDD7262EA3690055B23D /* ViewController.swift in Sources */,
				F627DDFB26393C090055B23D /* EditEmergencyTableViewController.swift in Sources */,
				47D0A7912647B6590075AA27 /* SettingsViewController.swift in Sources */,
				F627DDFE26393C910055B23D /* EditEmergencyContactCell.swift in Sources */,
				F627DDD3262EA3690055B23D /* AppDelegate.swift in Sources */,
				F627DDD5262EA3690055B23D /* SceneDelegate.swift in Sources */,
				359C844A26391DE400646519 /* EditProfileViewController.swift in Sources */,
			);
			runOnlyForDeploymentPostprocessing = 0;
		};
/* End PBXSourcesBuildPhase section */

/* Begin PBXVariantGroup section */
		F627DDD8262EA3690055B23D /* Main.storyboard */ = {
			isa = PBXVariantGroup;
			children = (
				F627DDD9262EA3690055B23D /* Base */,
				F6DE018D26731BDF00370DDF /* vi */,
			);
			name = Main.storyboard;
			sourceTree = "<group>";
		};
		F627DDDD262EA36C0055B23D /* LaunchScreen.storyboard */ = {
			isa = PBXVariantGroup;
			children = (
				F627DDDE262EA36C0055B23D /* Base */,
			);
			name = LaunchScreen.storyboard;
			sourceTree = "<group>";
		};
		F6DE019426731C6800370DDF /* Localizable.strings */ = {
			isa = PBXVariantGroup;
			children = (
				F6DE019326731C6800370DDF /* en */,
				F6DE019526731C7800370DDF /* vi */,
			);
			name = Localizable.strings;
			sourceTree = "<group>";
		};
/* End PBXVariantGroup section */

/* Begin XCBuildConfiguration section */
		F627DDE1262EA36C0055B23D /* Debug */ = {
			isa = XCBuildConfiguration;
			buildSettings = {
				ALWAYS_SEARCH_USER_PATHS = NO;
				CLANG_ANALYZER_LOCALIZABILITY_NONLOCALIZED = YES;
				CLANG_ANALYZER_NONNULL = YES;
				CLANG_ANALYZER_NUMBER_OBJECT_CONVERSION = YES_AGGRESSIVE;
				CLANG_CXX_LANGUAGE_STANDARD = "gnu++14";
				CLANG_CXX_LIBRARY = "libc++";
				CLANG_ENABLE_MODULES = YES;
				CLANG_ENABLE_OBJC_ARC = YES;
				CLANG_ENABLE_OBJC_WEAK = YES;
				CLANG_WARN_BLOCK_CAPTURE_AUTORELEASING = YES;
				CLANG_WARN_BOOL_CONVERSION = YES;
				CLANG_WARN_COMMA = YES;
				CLANG_WARN_CONSTANT_CONVERSION = YES;
				CLANG_WARN_DEPRECATED_OBJC_IMPLEMENTATIONS = YES;
				CLANG_WARN_DIRECT_OBJC_ISA_USAGE = YES_ERROR;
				CLANG_WARN_DOCUMENTATION_COMMENTS = YES;
				CLANG_WARN_EMPTY_BODY = YES;
				CLANG_WARN_ENUM_CONVERSION = YES;
				CLANG_WARN_INFINITE_RECURSION = YES;
				CLANG_WARN_INT_CONVERSION = YES;
				CLANG_WARN_NON_LITERAL_NULL_CONVERSION = YES;
				CLANG_WARN_OBJC_IMPLICIT_RETAIN_SELF = YES;
				CLANG_WARN_OBJC_LITERAL_CONVERSION = YES;
				CLANG_WARN_OBJC_ROOT_CLASS = YES_ERROR;
				CLANG_WARN_QUOTED_INCLUDE_IN_FRAMEWORK_HEADER = YES;
				CLANG_WARN_RANGE_LOOP_ANALYSIS = YES;
				CLANG_WARN_STRICT_PROTOTYPES = YES;
				CLANG_WARN_SUSPICIOUS_MOVE = YES;
				CLANG_WARN_UNGUARDED_AVAILABILITY = YES_AGGRESSIVE;
				CLANG_WARN_UNREACHABLE_CODE = YES;
				CLANG_WARN__DUPLICATE_METHOD_MATCH = YES;
				COPY_PHASE_STRIP = NO;
				DEBUG_INFORMATION_FORMAT = dwarf;
				ENABLE_STRICT_OBJC_MSGSEND = YES;
				ENABLE_TESTABILITY = YES;
				GCC_C_LANGUAGE_STANDARD = gnu11;
				GCC_DYNAMIC_NO_PIC = NO;
				GCC_NO_COMMON_BLOCKS = YES;
				GCC_OPTIMIZATION_LEVEL = 0;
				GCC_PREPROCESSOR_DEFINITIONS = (
					"DEBUG=1",
					"$(inherited)",
				);
				GCC_WARN_64_TO_32_BIT_CONVERSION = YES;
				GCC_WARN_ABOUT_RETURN_TYPE = YES_ERROR;
				GCC_WARN_UNDECLARED_SELECTOR = YES;
				GCC_WARN_UNINITIALIZED_AUTOS = YES_AGGRESSIVE;
				GCC_WARN_UNUSED_FUNCTION = YES;
				GCC_WARN_UNUSED_VARIABLE = YES;
				IPHONEOS_DEPLOYMENT_TARGET = 14.3;
				MTL_ENABLE_DEBUG_INFO = INCLUDE_SOURCE;
				MTL_FAST_MATH = YES;
				ONLY_ACTIVE_ARCH = YES;
				SDKROOT = iphoneos;
				SWIFT_ACTIVE_COMPILATION_CONDITIONS = DEBUG;
				SWIFT_OPTIMIZATION_LEVEL = "-Onone";
			};
			name = Debug;
		};
		F627DDE2262EA36C0055B23D /* Release */ = {
			isa = XCBuildConfiguration;
			buildSettings = {
				ALWAYS_SEARCH_USER_PATHS = NO;
				CLANG_ANALYZER_LOCALIZABILITY_NONLOCALIZED = YES;
				CLANG_ANALYZER_NONNULL = YES;
				CLANG_ANALYZER_NUMBER_OBJECT_CONVERSION = YES_AGGRESSIVE;
				CLANG_CXX_LANGUAGE_STANDARD = "gnu++14";
				CLANG_CXX_LIBRARY = "libc++";
				CLANG_ENABLE_MODULES = YES;
				CLANG_ENABLE_OBJC_ARC = YES;
				CLANG_ENABLE_OBJC_WEAK = YES;
				CLANG_WARN_BLOCK_CAPTURE_AUTORELEASING = YES;
				CLANG_WARN_BOOL_CONVERSION = YES;
				CLANG_WARN_COMMA = YES;
				CLANG_WARN_CONSTANT_CONVERSION = YES;
				CLANG_WARN_DEPRECATED_OBJC_IMPLEMENTATIONS = YES;
				CLANG_WARN_DIRECT_OBJC_ISA_USAGE = YES_ERROR;
				CLANG_WARN_DOCUMENTATION_COMMENTS = YES;
				CLANG_WARN_EMPTY_BODY = YES;
				CLANG_WARN_ENUM_CONVERSION = YES;
				CLANG_WARN_INFINITE_RECURSION = YES;
				CLANG_WARN_INT_CONVERSION = YES;
				CLANG_WARN_NON_LITERAL_NULL_CONVERSION = YES;
				CLANG_WARN_OBJC_IMPLICIT_RETAIN_SELF = YES;
				CLANG_WARN_OBJC_LITERAL_CONVERSION = YES;
				CLANG_WARN_OBJC_ROOT_CLASS = YES_ERROR;
				CLANG_WARN_QUOTED_INCLUDE_IN_FRAMEWORK_HEADER = YES;
				CLANG_WARN_RANGE_LOOP_ANALYSIS = YES;
				CLANG_WARN_STRICT_PROTOTYPES = YES;
				CLANG_WARN_SUSPICIOUS_MOVE = YES;
				CLANG_WARN_UNGUARDED_AVAILABILITY = YES_AGGRESSIVE;
				CLANG_WARN_UNREACHABLE_CODE = YES;
				CLANG_WARN__DUPLICATE_METHOD_MATCH = YES;
				COPY_PHASE_STRIP = NO;
				DEBUG_INFORMATION_FORMAT = "dwarf-with-dsym";
				ENABLE_NS_ASSERTIONS = NO;
				ENABLE_STRICT_OBJC_MSGSEND = YES;
				GCC_C_LANGUAGE_STANDARD = gnu11;
				GCC_NO_COMMON_BLOCKS = YES;
				GCC_WARN_64_TO_32_BIT_CONVERSION = YES;
				GCC_WARN_ABOUT_RETURN_TYPE = YES_ERROR;
				GCC_WARN_UNDECLARED_SELECTOR = YES;
				GCC_WARN_UNINITIALIZED_AUTOS = YES_AGGRESSIVE;
				GCC_WARN_UNUSED_FUNCTION = YES;
				GCC_WARN_UNUSED_VARIABLE = YES;
				IPHONEOS_DEPLOYMENT_TARGET = 14.3;
				MTL_ENABLE_DEBUG_INFO = NO;
				MTL_FAST_MATH = YES;
				SDKROOT = iphoneos;
				SWIFT_COMPILATION_MODE = wholemodule;
				SWIFT_OPTIMIZATION_LEVEL = "-O";
				VALIDATE_PRODUCT = YES;
			};
			name = Release;
		};
		F627DDE4262EA36C0055B23D /* Debug */ = {
			isa = XCBuildConfiguration;
			baseConfigurationReference = E5BA09384EAB4B807721AA56 /* Pods-GoodHearted.debug.xcconfig */;
			buildSettings = {
				ASSETCATALOG_COMPILER_APPICON_NAME = AppIcon;
				ASSETCATALOG_COMPILER_GLOBAL_ACCENT_COLOR_NAME = AccentColor;
				CODE_SIGN_STYLE = Automatic;
				DEVELOPMENT_TEAM = L4S7P4PNW6;
				INFOPLIST_FILE = GoodHearted/Info.plist;
				IPHONEOS_DEPLOYMENT_TARGET = 14.0;
				LD_RUNPATH_SEARCH_PATHS = (
					"$(inherited)",
					"@executable_path/Frameworks",
				);
				PRODUCT_BUNDLE_IDENTIFIER = memo.com.GoodHearted;
				PRODUCT_NAME = "$(TARGET_NAME)";
				SWIFT_VERSION = 5.0;
				TARGETED_DEVICE_FAMILY = "1,2";
			};
			name = Debug;
		};
		F627DDE5262EA36C0055B23D /* Release */ = {
			isa = XCBuildConfiguration;
			baseConfigurationReference = 57C51A35661D00FC4A878561 /* Pods-GoodHearted.release.xcconfig */;
			buildSettings = {
				ASSETCATALOG_COMPILER_APPICON_NAME = AppIcon;
				ASSETCATALOG_COMPILER_GLOBAL_ACCENT_COLOR_NAME = AccentColor;
				CODE_SIGN_STYLE = Automatic;
				DEVELOPMENT_TEAM = L4S7P4PNW6;
				INFOPLIST_FILE = GoodHearted/Info.plist;
				IPHONEOS_DEPLOYMENT_TARGET = 14.0;
				LD_RUNPATH_SEARCH_PATHS = (
					"$(inherited)",
					"@executable_path/Frameworks",
				);
				PRODUCT_BUNDLE_IDENTIFIER = memo.com.GoodHearted;
				PRODUCT_NAME = "$(TARGET_NAME)";
				SWIFT_VERSION = 5.0;
				TARGETED_DEVICE_FAMILY = "1,2";
			};
			name = Release;
		};
/* End XCBuildConfiguration section */

/* Begin XCConfigurationList section */
		F627DDCA262EA3690055B23D /* Build configuration list for PBXProject "GoodHearted" */ = {
			isa = XCConfigurationList;
			buildConfigurations = (
				F627DDE1262EA36C0055B23D /* Debug */,
				F627DDE2262EA36C0055B23D /* Release */,
			);
			defaultConfigurationIsVisible = 0;
			defaultConfigurationName = Release;
		};
		F627DDE3262EA36C0055B23D /* Build configuration list for PBXNativeTarget "GoodHearted" */ = {
			isa = XCConfigurationList;
			buildConfigurations = (
				F627DDE4262EA36C0055B23D /* Debug */,
				F627DDE5262EA36C0055B23D /* Release */,
			);
			defaultConfigurationIsVisible = 0;
			defaultConfigurationName = Release;
		};
/* End XCConfigurationList section */
	};
	rootObject = F627DDC7262EA3690055B23D /* Project object */;
}
